{
  "nodes": {
    "dim-app": {
      "locked": {
        "lastModified": 1790903678,
        "narHash": "sha256-omIHdp0HGhyK/GKZs1ATnW+00BNeWi/oV/62T8Wa7jw=",
        "owner": "jeff-hykin",
        "repo": "dim-app",
        "rev": "6add7a7e58592c1295007d26803afad815bcbcca",
        "type": "github"
      },
      "original": {
        "owner": "jeff-hykin",
        "ref": "v0.5.0",
        "repo": "dim-app",
        "type": "github"
      }
    },
    "nixpkgs": {
      "locked": {
        "lastModified": 1790652569,
        "narHash": "sha256-641r7xrlSOHYoktL9/aArPIYNgZJ9eM5URzSEOtPJDY=",
        "owner": "NixOS",
        "repo": "nixpkgs",
        "rev": "b6c8664de9b6cc07fe5666a29f91884ba81197c4",
        "type": "github"
      },
      "original": {
        "owner": "NixOS",
        "ref": "nixpkgs-unstable",
        "repo": "nixpkgs",
        "type": "github"
      }
    },
    "root": {
      "inputs": {
        "dim-app": "dim-app",
        "nixpkgs": "nixpkgs"
      }
    }
  },
  "root": "root",
  "version": 7
}
